# This file is automatically @generated by Cargo.
# It is not intended for manual editing.
version = 3

[[package]]
name = "capitulo_1"
version = "0.1.0"

[[package]]
name = "capitulo_10"
version = "0.1.0"

[[package]]
name = "capitulo_11"
version = "0.1.0"

[[package]]
name = "capitulo_12"
version = "0.1.0"

[[package]]
name = "capitulo_13"
version = "0.1.0"

[[package]]
name = "capitulo_14"
version = "0.1.0"

[[package]]
name = "capitulo_15"
version = "0.1.0"

[[package]]
name = "capitulo_16"
version = "0.1.0"

[[package]]
name = "capitulo_17"
version = "0.1.0"

[[package]]
name = "capitulo_18"
version = "0.1.0"

[[package]]
name = "capitulo_19"
version = "0.1.0"

[[package]]
name = "capitulo_2"
version = "0.1.0"

[[package]]
name = "capitulo_20"
version = "0.1.0"

[[package]]
name = "capitulo_3"
version = "0.1.0"

[[package]]
name = "capitulo_4"
version = "0.1.0"

[[package]]
name = "capitulo_5"
version = "0.1.0"

[[package]]
name = "capitulo_6"
version = "0.1.0"

[[package]]
name = "capitulo_7"
version = "0.1.0"

[[package]]
name = "capitulo_8"
version = "0.1.0"

[[package]]
name = "capitulo_9"
version = "0.1.0"

[[package]]
name = "curso_rust"
version = "0.1.0"
